
Microsoft Visual Studio Solution File, Format Version 12.00
# Visual Studio 15
VisualStudioVersion = 15.0.28307.106
MinimumVisualStudioVersion = 10.0.40219.1
Project("{9A19103F-16F7-4668-BE54-9A1E7A4F7556}") = "Ccf.Ck.Libs.Logging", "src\Ccf.Ck.Libs.Logging.csproj", "{75237C3F-16C8-4789-92A2-2FB4FFE2FC7E}"
EndProject
Project("{9A19103F-16F7-4668-BE54-9A1E7A4F7556}") = "Ccf.Ck.Libs.Logging.Tests", "tests\Ccf.Ck.Libs.Logging.Tests.csproj", "{2F02BD77-F606-4865-8901-8F19E3762C76}"
EndProject
Global
	GlobalSection(SolutionConfigurationPlatforms) = preSolution
		Debug|Any CPU = Debug|Any CPU
		Release|Any CPU = Release|Any CPU
	EndGlobalSection
	GlobalSection(ProjectConfigurationPlatforms) = postSolution
		{75237C3F-16C8-4789-92A2-2FB4FFE2FC7E}.Debug|Any CPU.ActiveCfg = Debug|Any CPU
		{75237C3F-16C8-4789-92A2-2FB4FFE2FC7E}.Debug|Any CPU.Build.0 = Debug|Any CPU
		{75237C3F-16C8-4789-92A2-2FB4FFE2FC7E}.Release|Any CPU.ActiveCfg = Release|Any CPU
		{75237C3F-16C8-4789-92A2-2FB4FFE2FC7E}.Release|Any CPU.Build.0 = Release|Any CPU
		{2F02BD77-F606-4865-8901-8F19E3762C76}.Debug|Any CPU.ActiveCfg = Debug|Any CPU
		{2F02BD77-F606-4865-8901-8F19E3762C76}.Debug|Any CPU.Build.0 = Debug|Any CPU
		{2F02BD77-F606-4865-8901-8F19E3762C76}.Release|Any CPU.ActiveCfg = Release|Any CPU
		{2F02BD77-F606-4865-8901-8F19E3762C76}.Release|Any CPU.Build.0 = Release|Any CPU
	EndGlobalSection
	GlobalSection(SolutionProperties) = preSolution
		HideSolutionNode = FALSE
	EndGlobalSection
	GlobalSection(ExtensibilityGlobals) = postSolution
		SolutionGuid = {3BA893EA-F3DA-47AF-BA36-B87DB4E262A3}
	EndGlobalSection
EndGlobal
