
Microsoft Visual Studio Solution File, Format Version 12.00
# Visual Studio Version 17
VisualStudioVersion = 17.5.002.0
MinimumVisualStudioVersion = 10.0.40219.1
Project("{9A19103F-16F7-4668-BE54-9A1E7A4F7556}") = "Ccf.Ck.Libs.Logging", "Ccf.Ck.Libs.Logging.csproj", "{B23EC709-E485-40BF-BDC3-69874C882329}"
EndProject
Global
	GlobalSection(SolutionConfigurationPlatforms) = preSolution
		Debug|Any CPU = Debug|Any CPU
		Release|Any CPU = Release|Any CPU
	EndGlobalSection
	GlobalSection(ProjectConfigurationPlatforms) = postSolution
		{B23EC709-E485-40BF-BDC3-69874C882329}.Debug|Any CPU.ActiveCfg = Debug|Any CPU
		{B23EC709-E485-40BF-BDC3-69874C882329}.Debug|Any CPU.Build.0 = Debug|Any CPU
		{B23EC709-E485-40BF-BDC3-69874C882329}.Release|Any CPU.ActiveCfg = Release|Any CPU
		{B23EC709-E485-40BF-BDC3-69874C882329}.Release|Any CPU.Build.0 = Release|Any CPU
	EndGlobalSection
	GlobalSection(SolutionProperties) = preSolution
		HideSolutionNode = FALSE
	EndGlobalSection
	GlobalSection(ExtensibilityGlobals) = postSolution
		SolutionGuid = {2D31C418-330A-4096-A120-15BBB31DA7AC}
	EndGlobalSection
EndGlobal
